
Microsoft Visual Studio Solution File, Format Version 12.00
# Visual Studio Version 16
VisualStudioVersion = 16.0.29709.97
MinimumVisualStudioVersion = 10.0.40219.1
Project("{FAE04EC0-301F-11D3-BF4B-00C04F79EFBC}") = "ConsoleApp4", "ConsoleApp4.csproj", "{4F428E8B-59CF-43DE-9577-1A8EFFDDF70E}"
EndProject
Global
	GlobalSection(SolutionConfigurationPlatforms) = preSolution
		Debug|Any CPU = Debug|Any CPU
		Release|Any CPU = Release|Any CPU
	EndGlobalSection
	GlobalSection(ProjectConfigurationPlatforms) = postSolution
		{4F428E8B-59CF-43DE-9577-1A8EFFDDF70E}.Debug|Any CPU.ActiveCfg = Debug|Any CPU
		{4F428E8B-59CF-43DE-9577-1A8EFFDDF70E}.Debug|Any CPU.Build.0 = Debug|Any CPU
		{4F428E8B-59CF-43DE-9577-1A8EFFDDF70E}.Release|Any CPU.ActiveCfg = Release|Any CPU
		{4F428E8B-59CF-43DE-9577-1A8EFFDDF70E}.Release|Any CPU.Build.0 = Release|Any CPU
	EndGlobalSection
	GlobalSection(SolutionProperties) = preSolution
		HideSolutionNode = FALSE
	EndGlobalSection
	GlobalSection(ExtensibilityGlobals) = postSolution
		SolutionGuid = {F71AD6A4-BED6-4BAE-A721-A677BDCFB9A1}
	EndGlobalSection
EndGlobal
